
Microsoft Visual Studio Solution File, Format Version 12.00
# Visual Studio 2012
Project("{FAE04EC0-301F-11D3-BF4B-00C04F79EFBC}") = "CallMeAPI", "CallMeAPI\CallMeAPI.csproj", "{C87F8D7C-0F79-485D-85A5-9F762BB1B8AE}"
EndProject
Global
	GlobalSection(SolutionConfigurationPlatforms) = preSolution
		Debug|Any CPU = Debug|Any CPU
		Release|Any CPU = Release|Any CPU
	EndGlobalSection
	GlobalSection(ProjectConfigurationPlatforms) = postSolution
		{C87F8D7C-0F79-485D-85A5-9F762BB1B8AE}.Debug|Any CPU.ActiveCfg = Debug|Any CPU
		{C87F8D7C-0F79-485D-85A5-9F762BB1B8AE}.Debug|Any CPU.Build.0 = Debug|Any CPU
		{C87F8D7C-0F79-485D-85A5-9F762BB1B8AE}.Release|Any CPU.ActiveCfg = Release|Any CPU
		{C87F8D7C-0F79-485D-85A5-9F762BB1B8AE}.Release|Any CPU.Build.0 = Release|Any CPU
	EndGlobalSection
EndGlobal
